
Microsoft Visual Studio Solution File, Format Version 12.00
# Visual Studio Version 17
VisualStudioVersion = 17.6.33815.320
MinimumVisualStudioVersion = 10.0.40219.1
Project("{9A19103F-16F7-4668-BE54-9A1E7A4F7556}") = "SignalRWebApi.Client", "SignalRWebApi.Client\SignalRWebApi.Client.csproj", "{792C9224-1A45-43E1-9BC6-7E44458A3BD1}"
EndProject
Project("{9A19103F-16F7-4668-BE54-9A1E7A4F7556}") = "SignalRWebApi.Shared", "SignalRWebApi.Share\SignalRWebApi.Shared.csproj", "{4C115CBD-C69C-4941-91CE-60FD2C232CA3}"
EndProject
Project("{9A19103F-16F7-4668-BE54-9A1E7A4F7556}") = "SignalRWebApi.Server", "SingnalRWebApi.Server\SignalRWebApi.Server.csproj", "{3BF74512-675B-41AD-ADCE-81E4C3804231}"
EndProject
Global
	GlobalSection(SolutionConfigurationPlatforms) = preSolution
		Debug|Any CPU = Debug|Any CPU
		Release|Any CPU = Release|Any CPU
	EndGlobalSection
	GlobalSection(ProjectConfigurationPlatforms) = postSolution
		{792C9224-1A45-43E1-9BC6-7E44458A3BD1}.Debug|Any CPU.ActiveCfg = Debug|Any CPU
		{792C9224-1A45-43E1-9BC6-7E44458A3BD1}.Debug|Any CPU.Build.0 = Debug|Any CPU
		{792C9224-1A45-43E1-9BC6-7E44458A3BD1}.Release|Any CPU.ActiveCfg = Release|Any CPU
		{792C9224-1A45-43E1-9BC6-7E44458A3BD1}.Release|Any CPU.Build.0 = Release|Any CPU
		{4C115CBD-C69C-4941-91CE-60FD2C232CA3}.Debug|Any CPU.ActiveCfg = Debug|Any CPU
		{4C115CBD-C69C-4941-91CE-60FD2C232CA3}.Debug|Any CPU.Build.0 = Debug|Any CPU
		{4C115CBD-C69C-4941-91CE-60FD2C232CA3}.Release|Any CPU.ActiveCfg = Release|Any CPU
		{4C115CBD-C69C-4941-91CE-60FD2C232CA3}.Release|Any CPU.Build.0 = Release|Any CPU
		{3BF74512-675B-41AD-ADCE-81E4C3804231}.Debug|Any CPU.ActiveCfg = Debug|Any CPU
		{3BF74512-675B-41AD-ADCE-81E4C3804231}.Debug|Any CPU.Build.0 = Debug|Any CPU
		{3BF74512-675B-41AD-ADCE-81E4C3804231}.Release|Any CPU.ActiveCfg = Release|Any CPU
		{3BF74512-675B-41AD-ADCE-81E4C3804231}.Release|Any CPU.Build.0 = Release|Any CPU
	EndGlobalSection
	GlobalSection(SolutionProperties) = preSolution
		HideSolutionNode = FALSE
	EndGlobalSection
	GlobalSection(ExtensibilityGlobals) = postSolution
		SolutionGuid = {E1E29665-4B7C-4BD6-B99D-C901FB429775}
	EndGlobalSection
EndGlobal
